// !$*UTF8*$!
{
	archiveVersion = 1;
	classes = {
	};
	objectVersion = 50;
	objects = {

/* Begin PBXBuildFile section */
		844551C022187046001A1367 /* StateContainer.swift in Sources */ = {isa = PBXBuildFile; fileRef = 844551BF22187046001A1367 /* StateContainer.swift */; };
		844551C2221870C5001A1367 /* UsersListViewController.swift in Sources */ = {isa = PBXBuildFile; fileRef = 844551C1221870C5001A1367 /* UsersListViewController.swift */; };
		844551C42218743A001A1367 /* AddEditUserViewController.swift in Sources */ = {isa = PBXBuildFile; fileRef = 844551C32218743A001A1367 /* AddEditUserViewController.swift */; };
		84F8A14A22105A2800C76C82 /* AppDelegate.swift in Sources */ = {isa = PBXBuildFile; fileRef = 84F8A14922105A2800C76C82 /* AppDelegate.swift */; };
		84F8A14C22105A2800C76C82 /* ViewController.swift in Sources */ = {isa = PBXBuildFile; fileRef = 84F8A14B22105A2800C76C82 /* ViewController.swift */; };
		84F8A14F22105A2800C76C82 /* Main.storyboard in Resources */ = {isa = PBXBuildFile; fileRef = 84F8A14D22105A2800C76C82 /* Main.storyboard */; };
		84F8A15122105A2A00C76C82 /* Assets.xcassets in Resources */ = {isa = PBXBuildFile; fileRef = 84F8A15022105A2A00C76C82 /* Assets.xcassets */; };
		84F8A15422105A2A00C76C82 /* LaunchScreen.storyboard in Resources */ = {isa = PBXBuildFile; fileRef = 84F8A15222105A2A00C76C82 /* LaunchScreen.storyboard */; };
/* End PBXBuildFile section */

/* Begin PBXFileReference section */
		844551BF22187046001A1367 /* StateContainer.swift */ = {isa = PBXFileReference; lastKnownFileType = sourcecode.swift; path = StateContainer.swift; sourceTree = "<group>"; };
		844551C1221870C5001A1367 /* UsersListViewController.swift */ = {isa = PBXFileReference; lastKnownFileType = sourcecode.swift; path = UsersListViewController.swift; sourceTree = "<group>"; };
		844551C32218743A001A1367 /* AddEditUserViewController.swift */ = {isa = PBXFileReference; lastKnownFileType = sourcecode.swift; path = AddEditUserViewController.swift; sourceTree = "<group>"; };
		84F8A14622105A2800C76C82 /* iOSLab1.app */ = {isa = PBXFileReference; explicitFileType = wrapper.application; includeInIndex = 0; path = iOSLab1.app; sourceTree = BUILT_PRODUCTS_DIR; };
		84F8A14922105A2800C76C82 /* AppDelegate.swift */ = {isa = PBXFileReference; lastKnownFileType = sourcecode.swift; path = AppDelegate.swift; sourceTree = "<group>"; };
		84F8A14B22105A2800C76C82 /* ViewController.swift */ = {isa = PBXFileReference; lastKnownFileType = sourcecode.swift; path = ViewController.swift; sourceTree = "<group>"; };
		84F8A14E22105A2800C76C82 /* Base */ = {isa = PBXFileReference; lastKnownFileType = file.storyboard; name = Base; path = Base.lproj/Main.storyboard; sourceTree = "<group>"; };
		84F8A15022105A2A00C76C82 /* Assets.xcassets */ = {isa = PBXFileReference; lastKnownFileType = folder.assetcatalog; path = Assets.xcassets; sourceTree = "<group>"; };
		84F8A15322105A2A00C76C82 /* Base */ = {isa = PBXFileReference; lastKnownFileType = file.storyboard; name = Base; path = Base.lproj/LaunchScreen.storyboard; sourceTree = "<group>"; };
		84F8A15522105A2A00C76C82 /* Info.plist */ = {isa = PBXFileReference; lastKnownFileType = text.plist.xml; path = Info.plist; sourceTree = "<group>"; };
/* End PBXFileReference section */

/* Begin PBXFrameworksBuildPhase section */
		84F8A14322105A2800C76C82 /* Frameworks */ = {
			isa = PBXFrameworksBuildPhase;
			buildActionMask = 2147483647;
			files = (
			);
			runOnlyForDeploymentPostprocessing = 0;
		};
/* End PBXFrameworksBuildPhase section */

/* Begin PBXGroup section */
		844551BE22187018001A1367 /* Model */ = {
			isa = PBXGroup;
			children = (
				844551BF22187046001A1367 /* StateContainer.swift */,
			);
			path = Model;
			sourceTree = "<group>";
		};
		84F8A13D22105A2700C76C82 = {
			isa = PBXGroup;
			children = (
				84F8A14822105A2800C76C82 /* iOSLab1 */,
				84F8A14722105A2800C76C82 /* Products */,
			);
			sourceTree = "<group>";
		};
		84F8A14722105A2800C76C82 /* Products */ = {
			isa = PBXGroup;
			children = (
				84F8A14622105A2800C76C82 /* iOSLab1.app */,
			);
			name = Products;
			sourceTree = "<group>";
		};
		84F8A14822105A2800C76C82 /* iOSLab1 */ = {
			isa = PBXGroup;
			children = (
				84F8A14922105A2800C76C82 /* AppDelegate.swift */,
				844551C1221870C5001A1367 /* UsersListViewController.swift */,
				84F8A14B22105A2800C76C82 /* ViewController.swift */,
				844551C32218743A001A1367 /* AddEditUserViewController.swift */,
				844551BE22187018001A1367 /* Model */,
				84F8A14D22105A2800C76C82 /* Main.storyboard */,
				84F8A15022105A2A00C76C82 /* Assets.xcassets */,
				84F8A15222105A2A00C76C82 /* LaunchScreen.storyboard */,
				84F8A15522105A2A00C76C82 /* Info.plist */,
			);
			path = iOSLab1;
			sourceTree = "<group>";
		};
/* End PBXGroup section */

/* Begin PBXNativeTarget section */
		84F8A14522105A2800C76C82 /* iOSLab1 */ = {
			isa = PBXNativeTarget;
			buildConfigurationList = 84F8A15822105A2A00C76C82 /* Build configuration list for PBXNativeTarget "iOSLab1" */;
			buildPhases = (
				84F8A14222105A2800C76C82 /* Sources */,
				84F8A14322105A2800C76C82 /* Frameworks */,
				84F8A14422105A2800C76C82 /* Resources */,
			);
			buildRules = (
			);
			dependencies = (
			);
			name = iOSLab1;
			productName = iOSLab1;
			productReference = 84F8A14622105A2800C76C82 /* iOSLab1.app */;
			productType = "com.apple.product-type.application";
		};
/* End PBXNativeTarget section */

/* Begin PBXProject section */
		84F8A13E22105A2700C76C82 /* Project object */ = {
			isa = PBXProject;
			attributes = {
				LastSwiftUpdateCheck = 1010;
				LastUpgradeCheck = 1010;
				ORGANIZATIONNAME = Admin;
				TargetAttributes = {
					84F8A14522105A2800C76C82 = {
						CreatedOnToolsVersion = 10.1;
					};
				};
			};
			buildConfigurationList = 84F8A14122105A2700C76C82 /* Build configuration list for PBXProject "iOSLab1" */;
			compatibilityVersion = "Xcode 9.3";
			developmentRegion = en;
			hasScannedForEncodings = 0;
			knownRegions = (
				en,
				Base,
			);
			mainGroup = 84F8A13D22105A2700C76C82;
			productRefGroup = 84F8A14722105A2800C76C82 /* Products */;
			projectDirPath = "";
			projectRoot = "";
			targets = (
				84F8A14522105A2800C76C82 /* iOSLab1 */,
			);
		};
/* End PBXProject section */

/* Begin PBXResourcesBuildPhase section */
		84F8A14422105A2800C76C82 /* Resources */ = {
			isa = PBXResourcesBuildPhase;
			buildActionMask = 2147483647;
			files = (
				84F8A15422105A2A00C76C82 /* LaunchScreen.storyboard in Resources */,
				84F8A15122105A2A00C76C82 /* Assets.xcassets in Resources */,
				84F8A14F22105A2800C76C82 /* Main.storyboard in Resources */,
			);
			runOnlyForDeploymentPostprocessing = 0;
		};
/* End PBXResourcesBuildPhase section */

/* Begin PBXSourcesBuildPhase section */
		84F8A14222105A2800C76C82 /* Sources */ = {
			isa = PBXSourcesBuildPhase;
			buildActionMask = 2147483647;
			files = (
				84F8A14C22105A2800C76C82 /* ViewController.swift in Sources */,
				844551C2221870C5001A1367 /* UsersListViewController.swift in Sources */,
				84F8A14A22105A2800C76C82 /* AppDelegate.swift in Sources */,
				844551C42218743A001A1367 /* AddEditUserViewController.swift in Sources */,
				844551C022187046001A1367 /* StateContainer.swift in Sources */,
			);
			runOnlyForDeploymentPostprocessing = 0;
		};
/* End PBXSourcesBuildPhase section */

/* Begin PBXVariantGroup section */
		84F8A14D22105A2800C76C82 /* Main.storyboard */ = {
			isa = PBXVariantGroup;
			children = (
				84F8A14E22105A2800C76C82 /* Base */,
			);
			name = Main.storyboard;
			sourceTree = "<group>";
		};
		84F8A15222105A2A00C76C82 /* LaunchScreen.storyboard */ = {
			isa = PBXVariantGroup;
			children = (
				84F8A15322105A2A00C76C82 /* Base */,
			);
			name = LaunchScreen.storyboard;
			sourceTree = "<group>";
		};
/* End PBXVariantGroup section */

/* Begin XCBuildConfiguration section */
		84F8A15622105A2A00C76C82 /* Debug */ = {
			isa = XCBuildConfiguration;
			buildSettings = {
				ALWAYS_SEARCH_USER_PATHS = NO;
				CLANG_ANALYZER_NONNULL = YES;
				CLANG_ANALYZER_NUMBER_OBJECT_CONVERSION = YES_AGGRESSIVE;
				CLANG_CXX_LANGUAGE_STANDARD = "gnu++14";
				CLANG_CXX_LIBRARY = "libc++";
				CLANG_ENABLE_MODULES = YES;
				CLANG_ENABLE_OBJC_ARC = YES;
				CLANG_ENABLE_OBJC_WEAK = YES;
				CLANG_WARN_BLOCK_CAPTURE_AUTORELEASING = YES;
				CLANG_WARN_BOOL_CONVERSION = YES;
				CLANG_WARN_COMMA = YES;
				CLANG_WARN_CONSTANT_CONVERSION = YES;
				CLANG_WARN_DEPRECATED_OBJC_IMPLEMENTATIONS = YES;
				CLANG_WARN_DIRECT_OBJC_ISA_USAGE = YES_ERROR;
				CLANG_WARN_DOCUMENTATION_COMMENTS = YES;
				CLANG_WARN_EMPTY_BODY = YES;
				CLANG_WARN_ENUM_CONVERSION = YES;
				CLANG_WARN_INFINITE_RECURSION = YES;
				CLANG_WARN_INT_CONVERSION = YES;
				CLANG_WARN_NON_LITERAL_NULL_CONVERSION = YES;
				CLANG_WARN_OBJC_IMPLICIT_RETAIN_SELF = YES;
				CLANG_WARN_OBJC_LITERAL_CONVERSION = YES;
				CLANG_WARN_OBJC_ROOT_CLASS = YES_ERROR;
				CLANG_WARN_RANGE_LOOP_ANALYSIS = YES;
				CLANG_WARN_STRICT_PROTOTYPES = YES;
				CLANG_WARN_SUSPICIOUS_MOVE = YES;
				CLANG_WARN_UNGUARDED_AVAILABILITY = YES_AGGRESSIVE;
				CLANG_WARN_UNREACHABLE_CODE = YES;
				CLANG_WARN__DUPLICATE_METHOD_MATCH = YES;
				CODE_SIGN_IDENTITY = "iPhone Developer";
				COPY_PHASE_STRIP = NO;
				DEBUG_INFORMATION_FORMAT = dwarf;
				ENABLE_STRICT_OBJC_MSGSEND = YES;
				ENABLE_TESTABILITY = YES;
				GCC_C_LANGUAGE_STANDARD = gnu11;
				GCC_DYNAMIC_NO_PIC = NO;
				GCC_NO_COMMON_BLOCKS = YES;
				GCC_OPTIMIZATION_LEVEL = 0;
				GCC_PREPROCESSOR_DEFINITIONS = (
					"DEBUG=1",
					"$(inherited)",
				);
				GCC_WARN_64_TO_32_BIT_CONVERSION = YES;
				GCC_WARN_ABOUT_RETURN_TYPE = YES_ERROR;
				GCC_WARN_UNDECLARED_SELECTOR = YES;
				GCC_WARN_UNINITIALIZED_AUTOS = YES_AGGRESSIVE;
				GCC_WARN_UNUSED_FUNCTION = YES;
				GCC_WARN_UNUSED_VARIABLE = YES;
				IPHONEOS_DEPLOYMENT_TARGET = 12.1;
				MTL_ENABLE_DEBUG_INFO = INCLUDE_SOURCE;
				MTL_FAST_MATH = YES;
				ONLY_ACTIVE_ARCH = YES;
				SDKROOT = iphoneos;
				SWIFT_ACTIVE_COMPILATION_CONDITIONS = DEBUG;
				SWIFT_OPTIMIZATION_LEVEL = "-Onone";
			};
			name = Debug;
		};
		84F8A15722105A2A00C76C82 /* Release */ = {
			isa = XCBuildConfiguration;
			buildSettings = {
				ALWAYS_SEARCH_USER_PATHS = NO;
				CLANG_ANALYZER_NONNULL = YES;
				CLANG_ANALYZER_NUMBER_OBJECT_CONVERSION = YES_AGGRESSIVE;
				CLANG_CXX_LANGUAGE_STANDARD = "gnu++14";
				CLANG_CXX_LIBRARY = "libc++";
				CLANG_ENABLE_MODULES = YES;
				CLANG_ENABLE_OBJC_ARC = YES;
				CLANG_ENABLE_OBJC_WEAK = YES;
				CLANG_WARN_BLOCK_CAPTURE_AUTORELEASING = YES;
				CLANG_WARN_BOOL_CONVERSION = YES;
				CLANG_WARN_COMMA = YES;
				CLANG_WARN_CONSTANT_CONVERSION = YES;
				CLANG_WARN_DEPRECATED_OBJC_IMPLEMENTATIONS = YES;
				CLANG_WARN_DIRECT_OBJC_ISA_USAGE = YES_ERROR;
				CLANG_WARN_DOCUMENTATION_COMMENTS = YES;
				CLANG_WARN_EMPTY_BODY = YES;
				CLANG_WARN_ENUM_CONVERSION = YES;
				CLANG_WARN_INFINITE_RECURSION = YES;
				CLANG_WARN_INT_CONVERSION = YES;
				CLANG_WARN_NON_LITERAL_NULL_CONVERSION = YES;
				CLANG_WARN_OBJC_IMPLICIT_RETAIN_SELF = YES;
				CLANG_WARN_OBJC_LITERAL_CONVERSION = YES;
				CLANG_WARN_OBJC_ROOT_CLASS = YES_ERROR;
				CLANG_WARN_RANGE_LOOP_ANALYSIS = YES;
				CLANG_WARN_STRICT_PROTOTYPES = YES;
				CLANG_WARN_SUSPICIOUS_MOVE = YES;
				CLANG_WARN_UNGUARDED_AVAILABILITY = YES_AGGRESSIVE;
				CLANG_WARN_UNREACHABLE_CODE = YES;
				CLANG_WARN__DUPLICATE_METHOD_MATCH = YES;
				CODE_SIGN_IDENTITY = "iPhone Developer";
				COPY_PHASE_STRIP = NO;
				DEBUG_INFORMATION_FORMAT = "dwarf-with-dsym";
				ENABLE_NS_ASSERTIONS = NO;
				ENABLE_STRICT_OBJC_MSGSEND = YES;
				GCC_C_LANGUAGE_STANDARD = gnu11;
				GCC_NO_COMMON_BLOCKS = YES;
				GCC_WARN_64_TO_32_BIT_CONVERSION = YES;
				GCC_WARN_ABOUT_RETURN_TYPE = YES_ERROR;
				GCC_WARN_UNDECLARED_SELECTOR = YES;
				GCC_WARN_UNINITIALIZED_AUTOS = YES_AGGRESSIVE;
				GCC_WARN_UNUSED_FUNCTION = YES;
				GCC_WARN_UNUSED_VARIABLE = YES;
				IPHONEOS_DEPLOYMENT_TARGET = 12.1;
				MTL_ENABLE_DEBUG_INFO = NO;
				MTL_FAST_MATH = YES;
				SDKROOT = iphoneos;
				SWIFT_COMPILATION_MODE = wholemodule;
				SWIFT_OPTIMIZATION_LEVEL = "-O";
				VALIDATE_PRODUCT = YES;
			};
			name = Release;
		};
		84F8A15922105A2A00C76C82 /* Debug */ = {
			isa = XCBuildConfiguration;
			buildSettings = {
				ASSETCATALOG_COMPILER_APPICON_NAME = AppIcon;
				CODE_SIGN_STYLE = Automatic;
				INFOPLIST_FILE = iOSLab1/Info.plist;
				LD_RUNPATH_SEARCH_PATHS = (
					"$(inherited)",
					"@executable_path/Frameworks",
				);
				PRODUCT_BUNDLE_IDENTIFIER = com.ksenia.iOSLab1;
				PRODUCT_NAME = "$(TARGET_NAME)";
				SWIFT_VERSION = 4.2;
				TARGETED_DEVICE_FAMILY = "1,2";
			};
			name = Debug;
		};
		84F8A15A22105A2A00C76C82 /* Release */ = {
			isa = XCBuildConfiguration;
			buildSettings = {
				ASSETCATALOG_COMPILER_APPICON_NAME = AppIcon;
				CODE_SIGN_STYLE = Automatic;
				INFOPLIST_FILE = iOSLab1/Info.plist;
				LD_RUNPATH_SEARCH_PATHS = (
					"$(inherited)",
					"@executable_path/Frameworks",
				);
				PRODUCT_BUNDLE_IDENTIFIER = com.ksenia.iOSLab1;
				PRODUCT_NAME = "$(TARGET_NAME)";
				SWIFT_VERSION = 4.2;
				TARGETED_DEVICE_FAMILY = "1,2";
			};
			name = Release;
		};
/* End XCBuildConfiguration section */

/* Begin XCConfigurationList section */
		84F8A14122105A2700C76C82 /* Build configuration list for PBXProject "iOSLab1" */ = {
			isa = XCConfigurationList;
			buildConfigurations = (
				84F8A15622105A2A00C76C82 /* Debug */,
				84F8A15722105A2A00C76C82 /* Release */,
			);
			defaultConfigurationIsVisible = 0;
			defaultConfigurationName = Release;
		};
		84F8A15822105A2A00C76C82 /* Build configuration list for PBXNativeTarget "iOSLab1" */ = {
			isa = XCConfigurationList;
			buildConfigurations = (
				84F8A15922105A2A00C76C82 /* Debug */,
				84F8A15A22105A2A00C76C82 /* Release */,
			);
			defaultConfigurationIsVisible = 0;
			defaultConfigurationName = Release;
		};
/* End XCConfigurationList section */
	};
	rootObject = 84F8A13E22105A2700C76C82 /* Project object */;
}
